
Microsoft Visual Studio Solution File, Format Version 12.00
# Visual Studio Version 16
VisualStudioVersion = 16.0.29613.14
MinimumVisualStudioVersion = 10.0.40219.1
Project("{F184B08F-C81C-45F6-A57F-5ABD9991F28F}") = "JSDemo", "JSDemo.vbproj", "{94B798EB-7C52-4E2F-ADAB-D071DC589A09}"
EndProject
Global
	GlobalSection(SolutionConfigurationPlatforms) = preSolution
		Debug|Any CPU = Debug|Any CPU
		Release|Any CPU = Release|Any CPU
	EndGlobalSection
	GlobalSection(ProjectConfigurationPlatforms) = postSolution
		{94B798EB-7C52-4E2F-ADAB-D071DC589A09}.Debug|Any CPU.ActiveCfg = Debug|Any CPU
		{94B798EB-7C52-4E2F-ADAB-D071DC589A09}.Debug|Any CPU.Build.0 = Debug|Any CPU
		{94B798EB-7C52-4E2F-ADAB-D071DC589A09}.Release|Any CPU.ActiveCfg = Release|Any CPU
		{94B798EB-7C52-4E2F-ADAB-D071DC589A09}.Release|Any CPU.Build.0 = Release|Any CPU
	EndGlobalSection
	GlobalSection(SolutionProperties) = preSolution
		HideSolutionNode = FALSE
	EndGlobalSection
	GlobalSection(ExtensibilityGlobals) = postSolution
		SolutionGuid = {F1021C98-080B-4D83-9E07-12831E9E815E}
	EndGlobalSection
EndGlobal
